
Microsoft Visual Studio Solution File, Format Version 12.00
# Visual Studio 15
VisualStudioVersion = 15.0.28307.539
MinimumVisualStudioVersion = 10.0.40219.1
Project("{FAE04EC0-301F-11D3-BF4B-00C04F79EFBC}") = "Calculator", "Calculator\Calculator.csproj", "{6364FDCA-3AB7-49CB-B1B7-867E9A1FE19D}"
EndProject
Project("{9A19103F-16F7-4668-BE54-9A1E7A4F7556}") = "CalculatorLib", "CalculatorLib\CalculatorLib.csproj", "{CA1D5727-F43C-42DD-B4BA-9334C517C3B0}"
EndProject
Global
	GlobalSection(SolutionConfigurationPlatforms) = preSolution
		Debug|Any CPU = Debug|Any CPU
		Release|Any CPU = Release|Any CPU
	EndGlobalSection
	GlobalSection(ProjectConfigurationPlatforms) = postSolution
		{6364FDCA-3AB7-49CB-B1B7-867E9A1FE19D}.Debug|Any CPU.ActiveCfg = Debug|Any CPU
		{6364FDCA-3AB7-49CB-B1B7-867E9A1FE19D}.Debug|Any CPU.Build.0 = Debug|Any CPU
		{6364FDCA-3AB7-49CB-B1B7-867E9A1FE19D}.Release|Any CPU.ActiveCfg = Release|Any CPU
		{6364FDCA-3AB7-49CB-B1B7-867E9A1FE19D}.Release|Any CPU.Build.0 = Release|Any CPU
		{CA1D5727-F43C-42DD-B4BA-9334C517C3B0}.Debug|Any CPU.ActiveCfg = Debug|Any CPU
		{CA1D5727-F43C-42DD-B4BA-9334C517C3B0}.Debug|Any CPU.Build.0 = Debug|Any CPU
		{CA1D5727-F43C-42DD-B4BA-9334C517C3B0}.Release|Any CPU.ActiveCfg = Release|Any CPU
		{CA1D5727-F43C-42DD-B4BA-9334C517C3B0}.Release|Any CPU.Build.0 = Release|Any CPU
	EndGlobalSection
	GlobalSection(SolutionProperties) = preSolution
		HideSolutionNode = FALSE
	EndGlobalSection
	GlobalSection(ExtensibilityGlobals) = postSolution
		SolutionGuid = {A8F2F395-1D95-495F-AFBA-1934826BD181}
	EndGlobalSection
EndGlobal
